// !$*UTF8*$!
{
	archiveVersion = 1;
	classes = {
	};
	objectVersion = 46;
	objects = {

/* Begin PBXBuildFile section */
		9504C07D1C662C3000352520 /* AppDelegate.m in Sources */ = {isa = PBXBuildFile; fileRef = 9504C07C1C662C3000352520 /* AppDelegate.m */; };
		9504C0801C662C3000352520 /* main.m in Sources */ = {isa = PBXBuildFile; fileRef = 9504C07F1C662C3000352520 /* main.m */; };
		9504C0821C662C3000352520 /* Assets.xcassets in Resources */ = {isa = PBXBuildFile; fileRef = 9504C0811C662C3000352520 /* Assets.xcassets */; };
		9504C0851C662C3000352520 /* MainMenu.xib in Resources */ = {isa = PBXBuildFile; fileRef = 9504C0831C662C3000352520 /* MainMenu.xib */; };
		9504C08D1C662C9100352520 /* ConfigWindow.xib in Resources */ = {isa = PBXBuildFile; fileRef = 9504C08C1C662C9100352520 /* ConfigWindow.xib */; };
		9504C0901C662CBF00352520 /* ConfigWindowController.m in Sources */ = {isa = PBXBuildFile; fileRef = 9504C08F1C662CBF00352520 /* ConfigWindowController.m */; };
		9504C0C11C662D9400352520 /* libz.tbd in Frameworks */ = {isa = PBXBuildFile; fileRef = 9504C0C01C662D9400352520 /* libz.tbd */; };
		9504C0C91C662DB500352520 /* main.m in Sources */ = {isa = PBXBuildFile; fileRef = 9504C0C81C662DB500352520 /* main.m */; };
		9504C0CF1C662DE300352520 /* v2rayx_sysconf in Resources */ = {isa = PBXBuildFile; fileRef = 9504C0C61C662DB400352520 /* v2rayx_sysconf */; };
		9504C0D11C66373400352520 /* install_helper.sh in Resources */ = {isa = PBXBuildFile; fileRef = 9504C0D01C662E0800352520 /* install_helper.sh */; };
		9504C0D41C66511B00352520 /* ServerProfile.m in Sources */ = {isa = PBXBuildFile; fileRef = 9504C0D31C66511B00352520 /* ServerProfile.m */; };
		9565E28B1DB25C010082658C /* transportWindow.xib in Resources */ = {isa = PBXBuildFile; fileRef = 9565E28A1DB25C010082658C /* transportWindow.xib */; };
		9577E1B21C6B065E00093BD3 /* GCDWebServer.m in Sources */ = {isa = PBXBuildFile; fileRef = 9577E1951C6B065D00093BD3 /* GCDWebServer.m */; };
		9577E1B31C6B065E00093BD3 /* GCDWebServerConnection.m in Sources */ = {isa = PBXBuildFile; fileRef = 9577E1971C6B065D00093BD3 /* GCDWebServerConnection.m */; };
		9577E1B41C6B065E00093BD3 /* GCDWebServerFunctions.m in Sources */ = {isa = PBXBuildFile; fileRef = 9577E1991C6B065D00093BD3 /* GCDWebServerFunctions.m */; };
		9577E1B51C6B065E00093BD3 /* GCDWebServerRequest.m in Sources */ = {isa = PBXBuildFile; fileRef = 9577E19D1C6B065D00093BD3 /* GCDWebServerRequest.m */; };
		9577E1B61C6B065E00093BD3 /* GCDWebServerResponse.m in Sources */ = {isa = PBXBuildFile; fileRef = 9577E19F1C6B065D00093BD3 /* GCDWebServerResponse.m */; };
		9577E1B71C6B065E00093BD3 /* GCDWebServerDataRequest.m in Sources */ = {isa = PBXBuildFile; fileRef = 9577E1A21C6B065D00093BD3 /* GCDWebServerDataRequest.m */; };
		9577E1B81C6B065E00093BD3 /* GCDWebServerFileRequest.m in Sources */ = {isa = PBXBuildFile; fileRef = 9577E1A41C6B065D00093BD3 /* GCDWebServerFileRequest.m */; };
		9577E1B91C6B065E00093BD3 /* GCDWebServerMultiPartFormRequest.m in Sources */ = {isa = PBXBuildFile; fileRef = 9577E1A61C6B065D00093BD3 /* GCDWebServerMultiPartFormRequest.m */; };
		9577E1BA1C6B065E00093BD3 /* GCDWebServerURLEncodedFormRequest.m in Sources */ = {isa = PBXBuildFile; fileRef = 9577E1A81C6B065D00093BD3 /* GCDWebServerURLEncodedFormRequest.m */; };
		9577E1BB1C6B065E00093BD3 /* GCDWebServerDataResponse.m in Sources */ = {isa = PBXBuildFile; fileRef = 9577E1AB1C6B065E00093BD3 /* GCDWebServerDataResponse.m */; };
		9577E1BC1C6B065E00093BD3 /* GCDWebServerErrorResponse.m in Sources */ = {isa = PBXBuildFile; fileRef = 9577E1AD1C6B065E00093BD3 /* GCDWebServerErrorResponse.m */; };
		9577E1BD1C6B065E00093BD3 /* GCDWebServerFileResponse.m in Sources */ = {isa = PBXBuildFile; fileRef = 9577E1AF1C6B065E00093BD3 /* GCDWebServerFileResponse.m */; };
		9577E1BE1C6B065E00093BD3 /* GCDWebServerStreamedResponse.m in Sources */ = {isa = PBXBuildFile; fileRef = 9577E1B11C6B065E00093BD3 /* GCDWebServerStreamedResponse.m */; };
		95A143CC1C87FCDC008756B9 /* Cocoa.framework in Frameworks */ = {isa = PBXBuildFile; fileRef = 95A143CA1C87FC6E008756B9 /* Cocoa.framework */; };
		95E524CB1C674CC80008BB12 /* simple.pac in Resources */ = {isa = PBXBuildFile; fileRef = 95E524CA1C674CC80008BB12 /* simple.pac */; };
		9D5EAC151FDCD70300C14B46 /* geoip.dat in Resources */ = {isa = PBXBuildFile; fileRef = 9D5EAC101FDCD54700C14B46 /* geoip.dat */; };
		9D5EAC161FDCD70300C14B46 /* geosite.dat in Resources */ = {isa = PBXBuildFile; fileRef = 9D5EAC0F1FDCD54600C14B46 /* geosite.dat */; };
		9D5EAC171FDCD70300C14B46 /* v2ctl in Resources */ = {isa = PBXBuildFile; fileRef = 9D5EAC0E1FDCD54600C14B46 /* v2ctl */; };
		9D5EAC181FDCD70300C14B46 /* v2ray in Resources */ = {isa = PBXBuildFile; fileRef = 953B60571DB3F6B700D40654 /* v2ray */; };
		9D7109611E0F43BD008A6362 /* Credits.rtf in Resources */ = {isa = PBXBuildFile; fileRef = 9D7109601E0F43BD008A6362 /* Credits.rtf */; };
		9D7DFE541EBEC947001FECBD /* main.m in Sources */ = {isa = PBXBuildFile; fileRef = 9D7DFE531EBEC947001FECBD /* main.m */; };
		9DB4FE951F205BEB00CCEE5F /* config-sample.plist in Resources */ = {isa = PBXBuildFile; fileRef = 9DB4FE941F205BEB00CCEE5F /* config-sample.plist */; };
/* End PBXBuildFile section */

/* Begin PBXContainerItemProxy section */
		9504C0CD1C662DC500352520 /* PBXContainerItemProxy */ = {
			isa = PBXContainerItemProxy;
			containerPortal = 9504C0701C662C3000352520 /* Project object */;
			proxyType = 1;
			remoteGlobalIDString = 9504C0C51C662DB400352520;
			remoteInfo = v2rayx_sysconf;
		};
/* End PBXContainerItemProxy section */

/* Begin PBXCopyFilesBuildPhase section */
		9504C0C41C662DB400352520 /* CopyFiles */ = {
			isa = PBXCopyFilesBuildPhase;
			buildActionMask = 2147483647;
			dstPath = /usr/share/man/man1/;
			dstSubfolderSpec = 0;
			files = (
			);
			runOnlyForDeploymentPostprocessing = 1;
		};
		9D7DFE4F1EBEC947001FECBD /* CopyFiles */ = {
			isa = PBXCopyFilesBuildPhase;
			buildActionMask = 2147483647;
			dstPath = /usr/share/man/man1/;
			dstSubfolderSpec = 0;
			files = (
			);
			runOnlyForDeploymentPostprocessing = 1;
		};
/* End PBXCopyFilesBuildPhase section */

/* Begin PBXFileReference section */
		9504C0781C662C3000352520 /* V2RayX.app */ = {isa = PBXFileReference; explicitFileType = wrapper.application; includeInIndex = 0; path = V2RayX.app; sourceTree = BUILT_PRODUCTS_DIR; };
		9504C07B1C662C3000352520 /* AppDelegate.h */ = {isa = PBXFileReference; lastKnownFileType = sourcecode.c.h; path = AppDelegate.h; sourceTree = "<group>"; };
		9504C07C1C662C3000352520 /* AppDelegate.m */ = {isa = PBXFileReference; lastKnownFileType = sourcecode.c.objc; path = AppDelegate.m; sourceTree = "<group>"; };
		9504C07F1C662C3000352520 /* main.m */ = {isa = PBXFileReference; lastKnownFileType = sourcecode.c.objc; path = main.m; sourceTree = "<group>"; };
		9504C0811C662C3000352520 /* Assets.xcassets */ = {isa = PBXFileReference; lastKnownFileType = folder.assetcatalog; path = Assets.xcassets; sourceTree = "<group>"; };
		9504C0841C662C3000352520 /* Base */ = {isa = PBXFileReference; lastKnownFileType = file.xib; name = Base; path = Base.lproj/MainMenu.xib; sourceTree = "<group>"; };
		9504C0861C662C3000352520 /* Info.plist */ = {isa = PBXFileReference; lastKnownFileType = text.plist.xml; path = Info.plist; sourceTree = "<group>"; };
		9504C08C1C662C9100352520 /* ConfigWindow.xib */ = {isa = PBXFileReference; fileEncoding = 4; lastKnownFileType = file.xib; path = ConfigWindow.xib; sourceTree = "<group>"; };
		9504C08E1C662CBF00352520 /* ConfigWindowController.h */ = {isa = PBXFileReference; fileEncoding = 4; lastKnownFileType = sourcecode.c.h; path = ConfigWindowController.h; sourceTree = "<group>"; };
		9504C08F1C662CBF00352520 /* ConfigWindowController.m */ = {isa = PBXFileReference; fileEncoding = 4; lastKnownFileType = sourcecode.c.objc; path = ConfigWindowController.m; sourceTree = "<group>"; };
		9504C0C01C662D9400352520 /* libz.tbd */ = {isa = PBXFileReference; lastKnownFileType = "sourcecode.text-based-dylib-definition"; name = libz.tbd; path = usr/lib/libz.tbd; sourceTree = SDKROOT; };
		9504C0C61C662DB400352520 /* v2rayx_sysconf */ = {isa = PBXFileReference; explicitFileType = "compiled.mach-o.executable"; includeInIndex = 0; path = v2rayx_sysconf; sourceTree = BUILT_PRODUCTS_DIR; };
		9504C0C81C662DB500352520 /* main.m */ = {isa = PBXFileReference; lastKnownFileType = sourcecode.c.objc; path = main.m; sourceTree = "<group>"; };
		9504C0D01C662E0800352520 /* install_helper.sh */ = {isa = PBXFileReference; lastKnownFileType = text.script.sh; path = install_helper.sh; sourceTree = "<group>"; };
		9504C0D21C66511B00352520 /* ServerProfile.h */ = {isa = PBXFileReference; fileEncoding = 4; lastKnownFileType = sourcecode.c.h; path = ServerProfile.h; sourceTree = "<group>"; };
		9504C0D31C66511B00352520 /* ServerProfile.m */ = {isa = PBXFileReference; fileEncoding = 4; lastKnownFileType = sourcecode.c.objc; path = ServerProfile.m; sourceTree = "<group>"; };
		953B60551DB3F65A00D40654 /* dlcore.sh */ = {isa = PBXFileReference; fileEncoding = 4; lastKnownFileType = text.script.sh; path = dlcore.sh; sourceTree = "<group>"; };
		953B60571DB3F6B700D40654 /* v2ray */ = {isa = PBXFileReference; lastKnownFileType = "compiled.mach-o.executable"; name = v2ray; path = "../v2ray-core-bin/v2ray"; sourceTree = "<group>"; };
		9565E28A1DB25C010082658C /* transportWindow.xib */ = {isa = PBXFileReference; fileEncoding = 4; lastKnownFileType = file.xib; path = transportWindow.xib; sourceTree = "<group>"; };
		9577E1941C6B065D00093BD3 /* GCDWebServer.h */ = {isa = PBXFileReference; fileEncoding = 4; lastKnownFileType = sourcecode.c.h; path = GCDWebServer.h; sourceTree = "<group>"; };
		9577E1951C6B065D00093BD3 /* GCDWebServer.m */ = {isa = PBXFileReference; fileEncoding = 4; lastKnownFileType = sourcecode.c.objc; path = GCDWebServer.m; sourceTree = "<group>"; };
		9577E1961C6B065D00093BD3 /* GCDWebServerConnection.h */ = {isa = PBXFileReference; fileEncoding = 4; lastKnownFileType = sourcecode.c.h; path = GCDWebServerConnection.h; sourceTree = "<group>"; };
		9577E1971C6B065D00093BD3 /* GCDWebServerConnection.m */ = {isa = PBXFileReference; fileEncoding = 4; lastKnownFileType = sourcecode.c.objc; path = GCDWebServerConnection.m; sourceTree = "<group>"; };
		9577E1981C6B065D00093BD3 /* GCDWebServerFunctions.h */ = {isa = PBXFileReference; fileEncoding = 4; lastKnownFileType = sourcecode.c.h; path = GCDWebServerFunctions.h; sourceTree = "<group>"; };
		9577E1991C6B065D00093BD3 /* GCDWebServerFunctions.m */ = {isa = PBXFileReference; fileEncoding = 4; lastKnownFileType = sourcecode.c.objc; path = GCDWebServerFunctions.m; sourceTree = "<group>"; };
		9577E19A1C6B065D00093BD3 /* GCDWebServerHTTPStatusCodes.h */ = {isa = PBXFileReference; fileEncoding = 4; lastKnownFileType = sourcecode.c.h; path = GCDWebServerHTTPStatusCodes.h; sourceTree = "<group>"; };
		9577E19B1C6B065D00093BD3 /* GCDWebServerPrivate.h */ = {isa = PBXFileReference; fileEncoding = 4; lastKnownFileType = sourcecode.c.h; path = GCDWebServerPrivate.h; sourceTree = "<group>"; };
		9577E19C1C6B065D00093BD3 /* GCDWebServerRequest.h */ = {isa = PBXFileReference; fileEncoding = 4; lastKnownFileType = sourcecode.c.h; path = GCDWebServerRequest.h; sourceTree = "<group>"; };
		9577E19D1C6B065D00093BD3 /* GCDWebServerRequest.m */ = {isa = PBXFileReference; fileEncoding = 4; lastKnownFileType = sourcecode.c.objc; path = GCDWebServerRequest.m; sourceTree = "<group>"; };
		9577E19E1C6B065D00093BD3 /* GCDWebServerResponse.h */ = {isa = PBXFileReference; fileEncoding = 4; lastKnownFileType = sourcecode.c.h; path = GCDWebServerResponse.h; sourceTree = "<group>"; };
		9577E19F1C6B065D00093BD3 /* GCDWebServerResponse.m */ = {isa = PBXFileReference; fileEncoding = 4; lastKnownFileType = sourcecode.c.objc; path = GCDWebServerResponse.m; sourceTree = "<group>"; };
		9577E1A11C6B065D00093BD3 /* GCDWebServerDataRequest.h */ = {isa = PBXFileReference; fileEncoding = 4; lastKnownFileType = sourcecode.c.h; path = GCDWebServerDataRequest.h; sourceTree = "<group>"; };
		9577E1A21C6B065D00093BD3 /* GCDWebServerDataRequest.m */ = {isa = PBXFileReference; fileEncoding = 4; lastKnownFileType = sourcecode.c.objc; path = GCDWebServerDataRequest.m; sourceTree = "<group>"; };
		9577E1A31C6B065D00093BD3 /* GCDWebServerFileRequest.h */ = {isa = PBXFileReference; fileEncoding = 4; lastKnownFileType = sourcecode.c.h; path = GCDWebServerFileRequest.h; sourceTree = "<group>"; };
		9577E1A41C6B065D00093BD3 /* GCDWebServerFileRequest.m */ = {isa = PBXFileReference; fileEncoding = 4; lastKnownFileType = sourcecode.c.objc; path = GCDWebServerFileRequest.m; sourceTree = "<group>"; };
		9577E1A51C6B065D00093BD3 /* GCDWebServerMultiPartFormRequest.h */ = {isa = PBXFileReference; fileEncoding = 4; lastKnownFileType = sourcecode.c.h; path = GCDWebServerMultiPartFormRequest.h; sourceTree = "<group>"; };
		9577E1A61C6B065D00093BD3 /* GCDWebServerMultiPartFormRequest.m */ = {isa = PBXFileReference; fileEncoding = 4; lastKnownFileType = sourcecode.c.objc; path = GCDWebServerMultiPartFormRequest.m; sourceTree = "<group>"; };
		9577E1A71C6B065D00093BD3 /* GCDWebServerURLEncodedFormRequest.h */ = {isa = PBXFileReference; fileEncoding = 4; lastKnownFileType = sourcecode.c.h; path = GCDWebServerURLEncodedFormRequest.h; sourceTree = "<group>"; };
		9577E1A81C6B065D00093BD3 /* GCDWebServerURLEncodedFormRequest.m */ = {isa = PBXFileReference; fileEncoding = 4; lastKnownFileType = sourcecode.c.objc; path = GCDWebServerURLEncodedFormRequest.m; sourceTree = "<group>"; };
		9577E1AA1C6B065E00093BD3 /* GCDWebServerDataResponse.h */ = {isa = PBXFileReference; fileEncoding = 4; lastKnownFileType = sourcecode.c.h; path = GCDWebServerDataResponse.h; sourceTree = "<group>"; };
		9577E1AB1C6B065E00093BD3 /* GCDWebServerDataResponse.m */ = {isa = PBXFileReference; fileEncoding = 4; lastKnownFileType = sourcecode.c.objc; path = GCDWebServerDataResponse.m; sourceTree = "<group>"; };
		9577E1AC1C6B065E00093BD3 /* GCDWebServerErrorResponse.h */ = {isa = PBXFileReference; fileEncoding = 4; lastKnownFileType = sourcecode.c.h; path = GCDWebServerErrorResponse.h; sourceTree = "<group>"; };
		9577E1AD1C6B065E00093BD3 /* GCDWebServerErrorResponse.m */ = {isa = PBXFileReference; fileEncoding = 4; lastKnownFileType = sourcecode.c.objc; path = GCDWebServerErrorResponse.m; sourceTree = "<group>"; };
		9577E1AE1C6B065E00093BD3 /* GCDWebServerFileResponse.h */ = {isa = PBXFileReference; fileEncoding = 4; lastKnownFileType = sourcecode.c.h; path = GCDWebServerFileResponse.h; sourceTree = "<group>"; };
		9577E1AF1C6B065E00093BD3 /* GCDWebServerFileResponse.m */ = {isa = PBXFileReference; fileEncoding = 4; lastKnownFileType = sourcecode.c.objc; path = GCDWebServerFileResponse.m; sourceTree = "<group>"; };
		9577E1B01C6B065E00093BD3 /* GCDWebServerStreamedResponse.h */ = {isa = PBXFileReference; fileEncoding = 4; lastKnownFileType = sourcecode.c.h; path = GCDWebServerStreamedResponse.h; sourceTree = "<group>"; };
		9577E1B11C6B065E00093BD3 /* GCDWebServerStreamedResponse.m */ = {isa = PBXFileReference; fileEncoding = 4; lastKnownFileType = sourcecode.c.objc; path = GCDWebServerStreamedResponse.m; sourceTree = "<group>"; };
		95862BD41DB2862E00F4A9CA /* compilefromsource.sh */ = {isa = PBXFileReference; lastKnownFileType = text.script.sh; path = compilefromsource.sh; sourceTree = "<group>"; };
		95A143CA1C87FC6E008756B9 /* Cocoa.framework */ = {isa = PBXFileReference; lastKnownFileType = wrapper.framework; name = Cocoa.framework; path = System/Library/Frameworks/Cocoa.framework; sourceTree = SDKROOT; };
		95E524CA1C674CC80008BB12 /* simple.pac */ = {isa = PBXFileReference; fileEncoding = 4; lastKnownFileType = text; path = simple.pac; sourceTree = "<group>"; };
		9D5EAC0E1FDCD54600C14B46 /* v2ctl */ = {isa = PBXFileReference; lastKnownFileType = "compiled.mach-o.executable"; name = v2ctl; path = "v2ray-core-bin/v2ctl"; sourceTree = SOURCE_ROOT; };
		9D5EAC0F1FDCD54600C14B46 /* geosite.dat */ = {isa = PBXFileReference; lastKnownFileType = file; name = geosite.dat; path = "v2ray-core-bin/geosite.dat"; sourceTree = SOURCE_ROOT; };
		9D5EAC101FDCD54700C14B46 /* geoip.dat */ = {isa = PBXFileReference; lastKnownFileType = file; name = geoip.dat; path = "v2ray-core-bin/geoip.dat"; sourceTree = SOURCE_ROOT; };
		9D7109601E0F43BD008A6362 /* Credits.rtf */ = {isa = PBXFileReference; fileEncoding = 4; lastKnownFileType = text.rtf; path = Credits.rtf; sourceTree = "<group>"; };
		9D7DFE511EBEC947001FECBD /* jsonplist */ = {isa = PBXFileReference; explicitFileType = "compiled.mach-o.executable"; includeInIndex = 0; path = jsonplist; sourceTree = BUILT_PRODUCTS_DIR; };
		9D7DFE531EBEC947001FECBD /* main.m */ = {isa = PBXFileReference; lastKnownFileType = sourcecode.c.objc; path = main.m; sourceTree = "<group>"; };
		9DB4FE941F205BEB00CCEE5F /* config-sample.plist */ = {isa = PBXFileReference; fileEncoding = 4; lastKnownFileType = text.plist.xml; path = "config-sample.plist"; sourceTree = "<group>"; };
/* End PBXFileReference section */

/* Begin PBXFrameworksBuildPhase section */
		9504C0751C662C3000352520 /* Frameworks */ = {
			isa = PBXFrameworksBuildPhase;
			buildActionMask = 2147483647;
			files = (
				95A143CC1C87FCDC008756B9 /* Cocoa.framework in Frameworks */,
				9504C0C11C662D9400352520 /* libz.tbd in Frameworks */,
			);
			runOnlyForDeploymentPostprocessing = 0;
		};
		9504C0C31C662DB400352520 /* Frameworks */ = {
			isa = PBXFrameworksBuildPhase;
			buildActionMask = 2147483647;
			files = (
			);
			runOnlyForDeploymentPostprocessing = 0;
		};
		9D7DFE4E1EBEC947001FECBD /* Frameworks */ = {
			isa = PBXFrameworksBuildPhase;
			buildActionMask = 2147483647;
			files = (
			);
			runOnlyForDeploymentPostprocessing = 0;
		};
/* End PBXFrameworksBuildPhase section */

/* Begin PBXGroup section */
		9504C06F1C662C3000352520 = {
			isa = PBXGroup;
			children = (
				95862BD41DB2862E00F4A9CA /* compilefromsource.sh */,
				9D7DFE521EBEC947001FECBD /* jsonplist */,
				95FCB2451C688BB20081B6FD /* Frameworks */,
				9504C07A1C662C3000352520 /* V2RayX */,
				9504C0C71C662DB500352520 /* v2rayx_sysconf */,
				9504C0791C662C3000352520 /* Products */,
			);
			sourceTree = "<group>";
		};
		9504C0791C662C3000352520 /* Products */ = {
			isa = PBXGroup;
			children = (
				9504C0781C662C3000352520 /* V2RayX.app */,
				9504C0C61C662DB400352520 /* v2rayx_sysconf */,
				9D7DFE511EBEC947001FECBD /* jsonplist */,
			);
			name = Products;
			sourceTree = "<group>";
		};
		9504C07A1C662C3000352520 /* V2RayX */ = {
			isa = PBXGroup;
			children = (
				9577E1921C6B065D00093BD3 /* GCDWebServer */,
				9504C07B1C662C3000352520 /* AppDelegate.h */,
				9504C07C1C662C3000352520 /* AppDelegate.m */,
				9504C0811C662C3000352520 /* Assets.xcassets */,
				9504C0831C662C3000352520 /* MainMenu.xib */,
				9504C08C1C662C9100352520 /* ConfigWindow.xib */,
				9565E28A1DB25C010082658C /* transportWindow.xib */,
				9504C08E1C662CBF00352520 /* ConfigWindowController.h */,
				9504C08F1C662CBF00352520 /* ConfigWindowController.m */,
				9504C0D21C66511B00352520 /* ServerProfile.h */,
				9504C0D31C66511B00352520 /* ServerProfile.m */,
				9504C0861C662C3000352520 /* Info.plist */,
				9504C07E1C662C3000352520 /* Supporting Files */,
			);
			path = V2RayX;
			sourceTree = "<group>";
		};
		9504C07E1C662C3000352520 /* Supporting Files */ = {
			isa = PBXGroup;
			children = (
				9DB4FE941F205BEB00CCEE5F /* config-sample.plist */,
				95E524CA1C674CC80008BB12 /* simple.pac */,
				9504C0D01C662E0800352520 /* install_helper.sh */,
				953B60551DB3F65A00D40654 /* dlcore.sh */,
				9D5EAC111FDCD54F00C14B46 /* v2ray-core */,
				9D7109601E0F43BD008A6362 /* Credits.rtf */,
				9504C07F1C662C3000352520 /* main.m */,
			);
			name = "Supporting Files";
			sourceTree = "<group>";
		};
		9504C0C71C662DB500352520 /* v2rayx_sysconf */ = {
			isa = PBXGroup;
			children = (
				9504C0C81C662DB500352520 /* main.m */,
			);
			path = v2rayx_sysconf;
			sourceTree = "<group>";
		};
		9577E1921C6B065D00093BD3 /* GCDWebServer */ = {
			isa = PBXGroup;
			children = (
				9577E1931C6B065D00093BD3 /* Core */,
				9577E1A01C6B065D00093BD3 /* Requests */,
				9577E1A91C6B065E00093BD3 /* Responses */,
			);
			name = GCDWebServer;
			path = GCDWebServer/GCDWebServer;
			sourceTree = SOURCE_ROOT;
		};
		9577E1931C6B065D00093BD3 /* Core */ = {
			isa = PBXGroup;
			children = (
				9577E1941C6B065D00093BD3 /* GCDWebServer.h */,
				9577E1951C6B065D00093BD3 /* GCDWebServer.m */,
				9577E1961C6B065D00093BD3 /* GCDWebServerConnection.h */,
				9577E1971C6B065D00093BD3 /* GCDWebServerConnection.m */,
				9577E1981C6B065D00093BD3 /* GCDWebServerFunctions.h */,
				9577E1991C6B065D00093BD3 /* GCDWebServerFunctions.m */,
				9577E19A1C6B065D00093BD3 /* GCDWebServerHTTPStatusCodes.h */,
				9577E19B1C6B065D00093BD3 /* GCDWebServerPrivate.h */,
				9577E19C1C6B065D00093BD3 /* GCDWebServerRequest.h */,
				9577E19D1C6B065D00093BD3 /* GCDWebServerRequest.m */,
				9577E19E1C6B065D00093BD3 /* GCDWebServerResponse.h */,
				9577E19F1C6B065D00093BD3 /* GCDWebServerResponse.m */,
			);
			path = Core;
			sourceTree = "<group>";
		};
		9577E1A01C6B065D00093BD3 /* Requests */ = {
			isa = PBXGroup;
			children = (
				9577E1A11C6B065D00093BD3 /* GCDWebServerDataRequest.h */,
				9577E1A21C6B065D00093BD3 /* GCDWebServerDataRequest.m */,
				9577E1A31C6B065D00093BD3 /* GCDWebServerFileRequest.h */,
				9577E1A41C6B065D00093BD3 /* GCDWebServerFileRequest.m */,
				9577E1A51C6B065D00093BD3 /* GCDWebServerMultiPartFormRequest.h */,
				9577E1A61C6B065D00093BD3 /* GCDWebServerMultiPartFormRequest.m */,
				9577E1A71C6B065D00093BD3 /* GCDWebServerURLEncodedFormRequest.h */,
				9577E1A81C6B065D00093BD3 /* GCDWebServerURLEncodedFormRequest.m */,
			);
			path = Requests;
			sourceTree = "<group>";
		};
		9577E1A91C6B065E00093BD3 /* Responses */ = {
			isa = PBXGroup;
			children = (
				9577E1AA1C6B065E00093BD3 /* GCDWebServerDataResponse.h */,
				9577E1AB1C6B065E00093BD3 /* GCDWebServerDataResponse.m */,
				9577E1AC1C6B065E00093BD3 /* GCDWebServerErrorResponse.h */,
				9577E1AD1C6B065E00093BD3 /* GCDWebServerErrorResponse.m */,
				9577E1AE1C6B065E00093BD3 /* GCDWebServerFileResponse.h */,
				9577E1AF1C6B065E00093BD3 /* GCDWebServerFileResponse.m */,
				9577E1B01C6B065E00093BD3 /* GCDWebServerStreamedResponse.h */,
				9577E1B11C6B065E00093BD3 /* GCDWebServerStreamedResponse.m */,
			);
			path = Responses;
			sourceTree = "<group>";
		};
		95FCB2451C688BB20081B6FD /* Frameworks */ = {
			isa = PBXGroup;
			children = (
				95A143CA1C87FC6E008756B9 /* Cocoa.framework */,
				9504C0C01C662D9400352520 /* libz.tbd */,
			);
			name = Frameworks;
			path = V2RayX;
			sourceTree = "<group>";
		};
		9D5EAC111FDCD54F00C14B46 /* v2ray-core */ = {
			isa = PBXGroup;
			children = (
				9D5EAC101FDCD54700C14B46 /* geoip.dat */,
				9D5EAC0F1FDCD54600C14B46 /* geosite.dat */,
				9D5EAC0E1FDCD54600C14B46 /* v2ctl */,
				953B60571DB3F6B700D40654 /* v2ray */,
			);
			name = "v2ray-core";
			sourceTree = "<group>";
		};
		9D7DFE521EBEC947001FECBD /* jsonplist */ = {
			isa = PBXGroup;
			children = (
				9D7DFE531EBEC947001FECBD /* main.m */,
			);
			path = jsonplist;
			sourceTree = "<group>";
		};
/* End PBXGroup section */

/* Begin PBXNativeTarget section */
		9504C0771C662C3000352520 /* V2RayX */ = {
			isa = PBXNativeTarget;
			buildConfigurationList = 9504C0891C662C3000352520 /* Build configuration list for PBXNativeTarget "V2RayX" */;
			buildPhases = (
				9504C0741C662C3000352520 /* Sources */,
				9504C0751C662C3000352520 /* Frameworks */,
				953B60541DB3E31D00D40654 /* Run Script */,
				9504C0761C662C3000352520 /* Resources */,
			);
			buildRules = (
			);
			dependencies = (
				9504C0CE1C662DC500352520 /* PBXTargetDependency */,
			);
			name = V2RayX;
			productName = V2RayX;
			productReference = 9504C0781C662C3000352520 /* V2RayX.app */;
			productType = "com.apple.product-type.application";
		};
		9504C0C51C662DB400352520 /* v2rayx_sysconf */ = {
			isa = PBXNativeTarget;
			buildConfigurationList = 9504C0CA1C662DB500352520 /* Build configuration list for PBXNativeTarget "v2rayx_sysconf" */;
			buildPhases = (
				9504C0C21C662DB400352520 /* Sources */,
				9504C0C31C662DB400352520 /* Frameworks */,
				9504C0C41C662DB400352520 /* CopyFiles */,
			);
			buildRules = (
			);
			dependencies = (
			);
			name = v2rayx_sysconf;
			productName = v2rayx_sysconf;
			productReference = 9504C0C61C662DB400352520 /* v2rayx_sysconf */;
			productType = "com.apple.product-type.tool";
		};
		9D7DFE501EBEC947001FECBD /* jsonplist */ = {
			isa = PBXNativeTarget;
			buildConfigurationList = 9D7DFE571EBEC947001FECBD /* Build configuration list for PBXNativeTarget "jsonplist" */;
			buildPhases = (
				9D7DFE4D1EBEC947001FECBD /* Sources */,
				9D7DFE4E1EBEC947001FECBD /* Frameworks */,
				9D7DFE4F1EBEC947001FECBD /* CopyFiles */,
			);
			buildRules = (
			);
			dependencies = (
			);
			name = jsonplist;
			productName = jsonplist;
			productReference = 9D7DFE511EBEC947001FECBD /* jsonplist */;
			productType = "com.apple.product-type.tool";
		};
/* End PBXNativeTarget section */

/* Begin PBXProject section */
		9504C0701C662C3000352520 /* Project object */ = {
			isa = PBXProject;
			attributes = {
				LastUpgradeCheck = 0900;
				ORGANIZATIONNAME = "Project V2Ray";
				TargetAttributes = {
					9504C0771C662C3000352520 = {
						CreatedOnToolsVersion = 7.2.1;
					};
					9504C0C51C662DB400352520 = {
						CreatedOnToolsVersion = 7.2.1;
					};
					9D7DFE501EBEC947001FECBD = {
						CreatedOnToolsVersion = 8.3.2;
						ProvisioningStyle = Automatic;
					};
				};
			};
			buildConfigurationList = 9504C0731C662C3000352520 /* Build configuration list for PBXProject "V2RayX" */;
			compatibilityVersion = "Xcode 3.2";
			developmentRegion = English;
			hasScannedForEncodings = 0;
			knownRegions = (
				en,
				Base,
			);
			mainGroup = 9504C06F1C662C3000352520;
			productRefGroup = 9504C0791C662C3000352520 /* Products */;
			projectDirPath = "";
			projectRoot = "";
			targets = (
				9504C0771C662C3000352520 /* V2RayX */,
				9504C0C51C662DB400352520 /* v2rayx_sysconf */,
				9D7DFE501EBEC947001FECBD /* jsonplist */,
			);
		};
/* End PBXProject section */

/* Begin PBXResourcesBuildPhase section */
		9504C0761C662C3000352520 /* Resources */ = {
			isa = PBXResourcesBuildPhase;
			buildActionMask = 2147483647;
			files = (
				9D5EAC151FDCD70300C14B46 /* geoip.dat in Resources */,
				9D5EAC161FDCD70300C14B46 /* geosite.dat in Resources */,
				9D5EAC171FDCD70300C14B46 /* v2ctl in Resources */,
				9D5EAC181FDCD70300C14B46 /* v2ray in Resources */,
				9DB4FE951F205BEB00CCEE5F /* config-sample.plist in Resources */,
				95E524CB1C674CC80008BB12 /* simple.pac in Resources */,
				9504C0D11C66373400352520 /* install_helper.sh in Resources */,
				9504C0CF1C662DE300352520 /* v2rayx_sysconf in Resources */,
				9504C0821C662C3000352520 /* Assets.xcassets in Resources */,
				9D7109611E0F43BD008A6362 /* Credits.rtf in Resources */,
				9504C0851C662C3000352520 /* MainMenu.xib in Resources */,
				9565E28B1DB25C010082658C /* transportWindow.xib in Resources */,
				9504C08D1C662C9100352520 /* ConfigWindow.xib in Resources */,
			);
			runOnlyForDeploymentPostprocessing = 0;
		};
/* End PBXResourcesBuildPhase section */

/* Begin PBXShellScriptBuildPhase section */
		953B60541DB3E31D00D40654 /* Run Script */ = {
			isa = PBXShellScriptBuildPhase;
			buildActionMask = 2147483647;
			files = (
			);
			inputPaths = (
			);
			name = "Run Script";
			outputPaths = (
			);
			runOnlyForDeploymentPostprocessing = 0;
			shellPath = /bin/sh;
			shellScript = "\"$SRCROOT\"/V2RayX/dlcore.sh";
		};
/* End PBXShellScriptBuildPhase section */

/* Begin PBXSourcesBuildPhase section */
		9504C0741C662C3000352520 /* Sources */ = {
			isa = PBXSourcesBuildPhase;
			buildActionMask = 2147483647;
			files = (
				9504C0901C662CBF00352520 /* ConfigWindowController.m in Sources */,
				9577E1B81C6B065E00093BD3 /* GCDWebServerFileRequest.m in Sources */,
				9577E1BE1C6B065E00093BD3 /* GCDWebServerStreamedResponse.m in Sources */,
				9504C0801C662C3000352520 /* main.m in Sources */,
				9577E1BB1C6B065E00093BD3 /* GCDWebServerDataResponse.m in Sources */,
				9577E1BA1C6B065E00093BD3 /* GCDWebServerURLEncodedFormRequest.m in Sources */,
				9577E1B71C6B065E00093BD3 /* GCDWebServerDataRequest.m in Sources */,
				9577E1BC1C6B065E00093BD3 /* GCDWebServerErrorResponse.m in Sources */,
				9577E1BD1C6B065E00093BD3 /* GCDWebServerFileResponse.m in Sources */,
				9577E1B31C6B065E00093BD3 /* GCDWebServerConnection.m in Sources */,
				9504C07D1C662C3000352520 /* AppDelegate.m in Sources */,
				9577E1B51C6B065E00093BD3 /* GCDWebServerRequest.m in Sources */,
				9577E1B91C6B065E00093BD3 /* GCDWebServerMultiPartFormRequest.m in Sources */,
				9577E1B61C6B065E00093BD3 /* GCDWebServerResponse.m in Sources */,
				9577E1B21C6B065E00093BD3 /* GCDWebServer.m in Sources */,
				9504C0D41C66511B00352520 /* ServerProfile.m in Sources */,
				9577E1B41C6B065E00093BD3 /* GCDWebServerFunctions.m in Sources */,
			);
			runOnlyForDeploymentPostprocessing = 0;
		};
		9504C0C21C662DB400352520 /* Sources */ = {
			isa = PBXSourcesBuildPhase;
			buildActionMask = 2147483647;
			files = (
				9504C0C91C662DB500352520 /* main.m in Sources */,
			);
			runOnlyForDeploymentPostprocessing = 0;
		};
		9D7DFE4D1EBEC947001FECBD /* Sources */ = {
			isa = PBXSourcesBuildPhase;
			buildActionMask = 2147483647;
			files = (
				9D7DFE541EBEC947001FECBD /* main.m in Sources */,
			);
			runOnlyForDeploymentPostprocessing = 0;
		};
/* End PBXSourcesBuildPhase section */

/* Begin PBXTargetDependency section */
		9504C0CE1C662DC500352520 /* PBXTargetDependency */ = {
			isa = PBXTargetDependency;
			target = 9504C0C51C662DB400352520 /* v2rayx_sysconf */;
			targetProxy = 9504C0CD1C662DC500352520 /* PBXContainerItemProxy */;
		};
/* End PBXTargetDependency section */

/* Begin PBXVariantGroup section */
		9504C0831C662C3000352520 /* MainMenu.xib */ = {
			isa = PBXVariantGroup;
			children = (
				9504C0841C662C3000352520 /* Base */,
			);
			name = MainMenu.xib;
			sourceTree = "<group>";
		};
/* End PBXVariantGroup section */

/* Begin XCBuildConfiguration section */
		9504C0871C662C3000352520 /* Debug */ = {
			isa = XCBuildConfiguration;
			buildSettings = {
				ALWAYS_SEARCH_USER_PATHS = NO;
				CLANG_CXX_LANGUAGE_STANDARD = "gnu++0x";
				CLANG_CXX_LIBRARY = "libc++";
				CLANG_ENABLE_MODULES = YES;
				CLANG_ENABLE_OBJC_ARC = YES;
				CLANG_WARN_BLOCK_CAPTURE_AUTORELEASING = YES;
				CLANG_WARN_BOOL_CONVERSION = YES;
				CLANG_WARN_COMMA = YES;
				CLANG_WARN_CONSTANT_CONVERSION = YES;
				CLANG_WARN_DIRECT_OBJC_ISA_USAGE = YES_ERROR;
				CLANG_WARN_EMPTY_BODY = YES;
				CLANG_WARN_ENUM_CONVERSION = YES;
				CLANG_WARN_INFINITE_RECURSION = YES;
				CLANG_WARN_INT_CONVERSION = YES;
				CLANG_WARN_NON_LITERAL_NULL_CONVERSION = YES;
				CLANG_WARN_OBJC_LITERAL_CONVERSION = YES;
				CLANG_WARN_OBJC_ROOT_CLASS = YES_ERROR;
				CLANG_WARN_RANGE_LOOP_ANALYSIS = YES;
				CLANG_WARN_STRICT_PROTOTYPES = YES;
				CLANG_WARN_SUSPICIOUS_MOVE = YES;
				CLANG_WARN_UNREACHABLE_CODE = YES;
				CLANG_WARN__DUPLICATE_METHOD_MATCH = YES;
				CODE_SIGN_IDENTITY = "-";
				COPY_PHASE_STRIP = NO;
				DEBUG_INFORMATION_FORMAT = dwarf;
				ENABLE_STRICT_OBJC_MSGSEND = YES;
				ENABLE_TESTABILITY = YES;
				GCC_C_LANGUAGE_STANDARD = gnu99;
				GCC_DYNAMIC_NO_PIC = NO;
				GCC_NO_COMMON_BLOCKS = YES;
				GCC_OPTIMIZATION_LEVEL = 0;
				GCC_PREPROCESSOR_DEFINITIONS = (
					"DEBUG=1",
					"$(inherited)",
				);
				GCC_WARN_64_TO_32_BIT_CONVERSION = YES;
				GCC_WARN_ABOUT_RETURN_TYPE = YES_ERROR;
				GCC_WARN_UNDECLARED_SELECTOR = YES;
				GCC_WARN_UNINITIALIZED_AUTOS = YES_AGGRESSIVE;
				GCC_WARN_UNUSED_FUNCTION = YES;
				GCC_WARN_UNUSED_VARIABLE = YES;
				MACOSX_DEPLOYMENT_TARGET = 10.8;
				MTL_ENABLE_DEBUG_INFO = YES;
				ONLY_ACTIVE_ARCH = YES;
				SDKROOT = macosx;
			};
			name = Debug;
		};
		9504C0881C662C3000352520 /* Release */ = {
			isa = XCBuildConfiguration;
			buildSettings = {
				ALWAYS_SEARCH_USER_PATHS = NO;
				CLANG_CXX_LANGUAGE_STANDARD = "gnu++0x";
				CLANG_CXX_LIBRARY = "libc++";
				CLANG_ENABLE_MODULES = YES;
				CLANG_ENABLE_OBJC_ARC = YES;
				CLANG_WARN_BLOCK_CAPTURE_AUTORELEASING = YES;
				CLANG_WARN_BOOL_CONVERSION = YES;
				CLANG_WARN_COMMA = YES;
				CLANG_WARN_CONSTANT_CONVERSION = YES;
				CLANG_WARN_DIRECT_OBJC_ISA_USAGE = YES_ERROR;
				CLANG_WARN_EMPTY_BODY = YES;
				CLANG_WARN_ENUM_CONVERSION = YES;
				CLANG_WARN_INFINITE_RECURSION = YES;
				CLANG_WARN_INT_CONVERSION = YES;
				CLANG_WARN_NON_LITERAL_NULL_CONVERSION = YES;
				CLANG_WARN_OBJC_LITERAL_CONVERSION = YES;
				CLANG_WARN_OBJC_ROOT_CLASS = YES_ERROR;
				CLANG_WARN_RANGE_LOOP_ANALYSIS = YES;
				CLANG_WARN_STRICT_PROTOTYPES = YES;
				CLANG_WARN_SUSPICIOUS_MOVE = YES;
				CLANG_WARN_UNREACHABLE_CODE = YES;
				CLANG_WARN__DUPLICATE_METHOD_MATCH = YES;
				CODE_SIGN_IDENTITY = "-";
				COPY_PHASE_STRIP = NO;
				DEBUG_INFORMATION_FORMAT = "dwarf-with-dsym";
				ENABLE_NS_ASSERTIONS = NO;
				ENABLE_STRICT_OBJC_MSGSEND = YES;
				GCC_C_LANGUAGE_STANDARD = gnu99;
				GCC_NO_COMMON_BLOCKS = YES;
				GCC_WARN_64_TO_32_BIT_CONVERSION = YES;
				GCC_WARN_ABOUT_RETURN_TYPE = YES_ERROR;
				GCC_WARN_UNDECLARED_SELECTOR = YES;
				GCC_WARN_UNINITIALIZED_AUTOS = YES_AGGRESSIVE;
				GCC_WARN_UNUSED_FUNCTION = YES;
				GCC_WARN_UNUSED_VARIABLE = YES;
				MACOSX_DEPLOYMENT_TARGET = 10.8;
				MTL_ENABLE_DEBUG_INFO = NO;
				SDKROOT = macosx;
			};
			name = Release;
		};
		9504C08A1C662C3000352520 /* Debug */ = {
			isa = XCBuildConfiguration;
			buildSettings = {
				ASSETCATALOG_COMPILER_APPICON_NAME = AppIcon;
				COMBINE_HIDPI_IMAGES = YES;
				INFOPLIST_FILE = V2RayX/Info.plist;
				LD_RUNPATH_SEARCH_PATHS = "$(inherited) @executable_path/../Frameworks";
				PRODUCT_BUNDLE_IDENTIFIER = cenmrev.V2RayX;
				PRODUCT_NAME = "$(TARGET_NAME)";
			};
			name = Debug;
		};
		9504C08B1C662C3000352520 /* Release */ = {
			isa = XCBuildConfiguration;
			buildSettings = {
				ASSETCATALOG_COMPILER_APPICON_NAME = AppIcon;
				COMBINE_HIDPI_IMAGES = YES;
				INFOPLIST_FILE = V2RayX/Info.plist;
				LD_RUNPATH_SEARCH_PATHS = "$(inherited) @executable_path/../Frameworks";
				PRODUCT_BUNDLE_IDENTIFIER = cenmrev.V2RayX;
				PRODUCT_NAME = "$(TARGET_NAME)";
			};
			name = Release;
		};
		9504C0CB1C662DB500352520 /* Debug */ = {
			isa = XCBuildConfiguration;
			buildSettings = {
				PRODUCT_NAME = "$(TARGET_NAME)";
			};
			name = Debug;
		};
		9504C0CC1C662DB500352520 /* Release */ = {
			isa = XCBuildConfiguration;
			buildSettings = {
				PRODUCT_NAME = "$(TARGET_NAME)";
			};
			name = Release;
		};
		9D7DFE551EBEC947001FECBD /* Debug */ = {
			isa = XCBuildConfiguration;
			buildSettings = {
				CLANG_ANALYZER_NONNULL = YES;
				CLANG_ANALYZER_NUMBER_OBJECT_CONVERSION = YES_AGGRESSIVE;
				CLANG_WARN_DOCUMENTATION_COMMENTS = YES;
				MACOSX_DEPLOYMENT_TARGET = 10.12;
				PRODUCT_NAME = "$(TARGET_NAME)";
			};
			name = Debug;
		};
		9D7DFE561EBEC947001FECBD /* Release */ = {
			isa = XCBuildConfiguration;
			buildSettings = {
				CLANG_ANALYZER_NONNULL = YES;
				CLANG_ANALYZER_NUMBER_OBJECT_CONVERSION = YES_AGGRESSIVE;
				CLANG_WARN_DOCUMENTATION_COMMENTS = YES;
				MACOSX_DEPLOYMENT_TARGET = 10.12;
				PRODUCT_NAME = "$(TARGET_NAME)";
			};
			name = Release;
		};
/* End XCBuildConfiguration section */

/* Begin XCConfigurationList section */
		9504C0731C662C3000352520 /* Build configuration list for PBXProject "V2RayX" */ = {
			isa = XCConfigurationList;
			buildConfigurations = (
				9504C0871C662C3000352520 /* Debug */,
				9504C0881C662C3000352520 /* Release */,
			);
			defaultConfigurationIsVisible = 0;
			defaultConfigurationName = Release;
		};
		9504C0891C662C3000352520 /* Build configuration list for PBXNativeTarget "V2RayX" */ = {
			isa = XCConfigurationList;
			buildConfigurations = (
				9504C08A1C662C3000352520 /* Debug */,
				9504C08B1C662C3000352520 /* Release */,
			);
			defaultConfigurationIsVisible = 0;
			defaultConfigurationName = Release;
		};
		9504C0CA1C662DB500352520 /* Build configuration list for PBXNativeTarget "v2rayx_sysconf" */ = {
			isa = XCConfigurationList;
			buildConfigurations = (
				9504C0CB1C662DB500352520 /* Debug */,
				9504C0CC1C662DB500352520 /* Release */,
			);
			defaultConfigurationIsVisible = 0;
			defaultConfigurationName = Release;
		};
		9D7DFE571EBEC947001FECBD /* Build configuration list for PBXNativeTarget "jsonplist" */ = {
			isa = XCConfigurationList;
			buildConfigurations = (
				9D7DFE551EBEC947001FECBD /* Debug */,
				9D7DFE561EBEC947001FECBD /* Release */,
			);
			defaultConfigurationIsVisible = 0;
			defaultConfigurationName = Release;
		};
/* End XCConfigurationList section */
	};
	rootObject = 9504C0701C662C3000352520 /* Project object */;
}
